// !$*UTF8*$!
{
	archiveVersion = 1;
	classes = {
	};
	objectVersion = 50;
	objects = {

/* Begin PBXBuildFile section */
		48D807B17EB589F164F783C4 /* libPods-KDS_PhoneUITests.a in Frameworks */ = {isa = PBXBuildFile; fileRef = 2DDD3715529AC3ACB755ABEF /* libPods-KDS_PhoneUITests.a */; };
		6642FF8F632CD8A7B4E1DA84 /* libPods-KDS_PhoneTests.a in Frameworks */ = {isa = PBXBuildFile; fileRef = 3A2BD20D5AC0E0F6493593B6 /* libPods-KDS_PhoneTests.a */; };
		B20298B42136EB22000CE57B /* JT_KLinePositionModel.m in Sources */ = {isa = PBXBuildFile; fileRef = B20298B32136EB22000CE57B /* JT_KLinePositionModel.m */; };
		B220F976213E138D00DC40DA /* JT_DrawMALine.m in Sources */ = {isa = PBXBuildFile; fileRef = B220F975213E138D00DC40DA /* JT_DrawMALine.m */; };
		B220F979213E5FF700DC40DA /* JT_KLineFQSegment.m in Sources */ = {isa = PBXBuildFile; fileRef = B220F978213E5FF700DC40DA /* JT_KLineFQSegment.m */; };
		B220F97C213E603400DC40DA /* JT_KLineIndicatorSegment.m in Sources */ = {isa = PBXBuildFile; fileRef = B220F97B213E603400DC40DA /* JT_KLineIndicatorSegment.m */; };
		B23E683B2137C25D00E9EF3B /* JT_DrawCandleLine.m in Sources */ = {isa = PBXBuildFile; fileRef = B23E683A2137C25D00E9EF3B /* JT_DrawCandleLine.m */; };
		B23E683E2137C71D00E9EF3B /* JT_KLineConfig.m in Sources */ = {isa = PBXBuildFile; fileRef = B23E683D2137C71D00E9EF3B /* JT_KLineConfig.m */; };
		B2676E0B213672B3002F47A0 /* JT_KLineView.m in Sources */ = {isa = PBXBuildFile; fileRef = B2676E0A213672B3002F47A0 /* JT_KLineView.m */; };
		B2676E0E2136797D002F47A0 /* JT_KLineChartView.m in Sources */ = {isa = PBXBuildFile; fileRef = B2676E0D2136797D002F47A0 /* JT_KLineChartView.m */; };
		B2676E1121367C8E002F47A0 /* JT_KLineMAAccessoryView.m in Sources */ = {isa = PBXBuildFile; fileRef = B2676E1021367C8E002F47A0 /* JT_KLineMAAccessoryView.m */; };
		B2676E14213680C0002F47A0 /* JT_KLineVolumeView.m in Sources */ = {isa = PBXBuildFile; fileRef = B2676E13213680C0002F47A0 /* JT_KLineVolumeView.m */; };
		B2676E1721369CEA002F47A0 /* UIView+KDS_FrameHelper.m in Sources */ = {isa = PBXBuildFile; fileRef = B2676E1621369CE9002F47A0 /* UIView+KDS_FrameHelper.m */; };
		B27F7DC3213EAB4B00FE71FF /* JT_KLineIndicatorAccessoryView.m in Sources */ = {isa = PBXBuildFile; fileRef = B27F7DC2213EAB4B00FE71FF /* JT_KLineIndicatorAccessoryView.m */; };
		B293712C213D096800DE6974 /* JT_KLineModel.m in Sources */ = {isa = PBXBuildFile; fileRef = B293712B213D096800DE6974 /* JT_KLineModel.m */; };
		B293712F213D0C7C00DE6974 /* JT_KLineGlobalVar.m in Sources */ = {isa = PBXBuildFile; fileRef = B293712E213D0C7C00DE6974 /* JT_KLineGlobalVar.m */; };
		B2937132213D1F3400DE6974 /* TabOneViewController.m in Sources */ = {isa = PBXBuildFile; fileRef = B2937131213D1F3400DE6974 /* TabOneViewController.m */; };
		B2ACB90C213384A200CA2EB6 /* AppDelegate.m in Sources */ = {isa = PBXBuildFile; fileRef = B2ACB90B213384A200CA2EB6 /* AppDelegate.m */; };
		B2ACB90F213384A200CA2EB6 /* ViewController.m in Sources */ = {isa = PBXBuildFile; fileRef = B2ACB90E213384A200CA2EB6 /* ViewController.m */; };
		B2ACB912213384A200CA2EB6 /* Main.storyboard in Resources */ = {isa = PBXBuildFile; fileRef = B2ACB910213384A200CA2EB6 /* Main.storyboard */; };
		B2ACB914213384A400CA2EB6 /* Assets.xcassets in Resources */ = {isa = PBXBuildFile; fileRef = B2ACB913213384A400CA2EB6 /* Assets.xcassets */; };
		B2ACB917213384A400CA2EB6 /* LaunchScreen.storyboard in Resources */ = {isa = PBXBuildFile; fileRef = B2ACB915213384A400CA2EB6 /* LaunchScreen.storyboard */; };
		B2ACB91A213384A400CA2EB6 /* main.m in Sources */ = {isa = PBXBuildFile; fileRef = B2ACB919213384A400CA2EB6 /* main.m */; };
		B2ACB924213384A400CA2EB6 /* KDS_PhoneTests.m in Sources */ = {isa = PBXBuildFile; fileRef = B2ACB923213384A400CA2EB6 /* KDS_PhoneTests.m */; };
		B2ACB92F213384A400CA2EB6 /* KDS_PhoneUITests.m in Sources */ = {isa = PBXBuildFile; fileRef = B2ACB92E213384A400CA2EB6 /* KDS_PhoneUITests.m */; };
		B2ACB93F213384E500CA2EB6 /* DetailViewController.m in Sources */ = {isa = PBXBuildFile; fileRef = B2ACB93C213384E500CA2EB6 /* DetailViewController.m */; };
		B2ACB940213384E500CA2EB6 /* DetailViewController.xib in Resources */ = {isa = PBXBuildFile; fileRef = B2ACB93E213384E500CA2EB6 /* DetailViewController.xib */; };
		B2ACB9442133873C00CA2EB6 /* json.html in Resources */ = {isa = PBXBuildFile; fileRef = B2ACB9422133873C00CA2EB6 /* json.html */; };
		B2ACB9452133873C00CA2EB6 /* json.js in Resources */ = {isa = PBXBuildFile; fileRef = B2ACB9432133873C00CA2EB6 /* json.js */; };
		B2ACB94921338A7200CA2EB6 /* JT_TimelineAndKlineSegment.m in Sources */ = {isa = PBXBuildFile; fileRef = B2ACB94821338A7200CA2EB6 /* JT_TimelineAndKlineSegment.m */; };
		B2ACB94C21338AA400CA2EB6 /* JT_ColorManager.m in Sources */ = {isa = PBXBuildFile; fileRef = B2ACB94B21338AA400CA2EB6 /* JT_ColorManager.m */; };
		B2ACB9542133C5F000CA2EB6 /* FirstViewController.m in Sources */ = {isa = PBXBuildFile; fileRef = B2ACB9532133C5F000CA2EB6 /* FirstViewController.m */; };
		B2ACB9572133CC5A00CA2EB6 /* UIFont+KDS_FontHandle.m in Sources */ = {isa = PBXBuildFile; fileRef = B2ACB9552133CC5900CA2EB6 /* UIFont+KDS_FontHandle.m */; };
		B2BEDF492138DF0500974491 /* JT_KLineTimeView.m in Sources */ = {isa = PBXBuildFile; fileRef = B2BEDF482138DF0500974491 /* JT_KLineTimeView.m */; };
		B2BEDF4C2139162700974491 /* NSDate+KDS_Manage.m in Sources */ = {isa = PBXBuildFile; fileRef = B2BEDF4A2139162700974491 /* NSDate+KDS_Manage.m */; };
		FC211CBFDEC7482D80CB5A66 /* libPods-KDS_Phone.a in Frameworks */ = {isa = PBXBuildFile; fileRef = 0459D4619A8B309F2A92774C /* libPods-KDS_Phone.a */; };
/* End PBXBuildFile section */

/* Begin PBXContainerItemProxy section */
		B2ACB920213384A400CA2EB6 /* PBXContainerItemProxy */ = {
			isa = PBXContainerItemProxy;
			containerPortal = B2ACB8FF213384A200CA2EB6 /* Project object */;
			proxyType = 1;
			remoteGlobalIDString = B2ACB906213384A200CA2EB6;
			remoteInfo = KDS_Phone;
		};
		B2ACB92B213384A400CA2EB6 /* PBXContainerItemProxy */ = {
			isa = PBXContainerItemProxy;
			containerPortal = B2ACB8FF213384A200CA2EB6 /* Project object */;
			proxyType = 1;
			remoteGlobalIDString = B2ACB906213384A200CA2EB6;
			remoteInfo = KDS_Phone;
		};
/* End PBXContainerItemProxy section */

/* Begin PBXFileReference section */
		0459D4619A8B309F2A92774C /* libPods-KDS_Phone.a */ = {isa = PBXFileReference; explicitFileType = archive.ar; includeInIndex = 0; path = "libPods-KDS_Phone.a"; sourceTree = BUILT_PRODUCTS_DIR; };
		2ADB8B1A431EF43686D136FB /* Pods-KDS_PhoneUITests.debug.xcconfig */ = {isa = PBXFileReference; includeInIndex = 1; lastKnownFileType = text.xcconfig; name = "Pods-KDS_PhoneUITests.debug.xcconfig"; path = "Pods/Target Support Files/Pods-KDS_PhoneUITests/Pods-KDS_PhoneUITests.debug.xcconfig"; sourceTree = "<group>"; };
		2DDD3715529AC3ACB755ABEF /* libPods-KDS_PhoneUITests.a */ = {isa = PBXFileReference; explicitFileType = archive.ar; includeInIndex = 0; path = "libPods-KDS_PhoneUITests.a"; sourceTree = BUILT_PRODUCTS_DIR; };
		35D7924EAD7847713903E56E /* Pods-KDS_PhoneTests.debug.xcconfig */ = {isa = PBXFileReference; includeInIndex = 1; lastKnownFileType = text.xcconfig; name = "Pods-KDS_PhoneTests.debug.xcconfig"; path = "Pods/Target Support Files/Pods-KDS_PhoneTests/Pods-KDS_PhoneTests.debug.xcconfig"; sourceTree = "<group>"; };
		3A2BD20D5AC0E0F6493593B6 /* libPods-KDS_PhoneTests.a */ = {isa = PBXFileReference; explicitFileType = archive.ar; includeInIndex = 0; path = "libPods-KDS_PhoneTests.a"; sourceTree = BUILT_PRODUCTS_DIR; };
		925EB85AA1384D20216747A3 /* Pods-KDS_Phone.release.xcconfig */ = {isa = PBXFileReference; includeInIndex = 1; lastKnownFileType = text.xcconfig; name = "Pods-KDS_Phone.release.xcconfig"; path = "Pods/Target Support Files/Pods-KDS_Phone/Pods-KDS_Phone.release.xcconfig"; sourceTree = "<group>"; };
		953A78C4E23AEDF95F40766E /* Pods-KDS_PhoneTests.release.xcconfig */ = {isa = PBXFileReference; includeInIndex = 1; lastKnownFileType = text.xcconfig; name = "Pods-KDS_PhoneTests.release.xcconfig"; path = "Pods/Target Support Files/Pods-KDS_PhoneTests/Pods-KDS_PhoneTests.release.xcconfig"; sourceTree = "<group>"; };
		95A6AEA560BAAEEABBADAF6F /* Pods-KDS_PhoneUITests.release.xcconfig */ = {isa = PBXFileReference; includeInIndex = 1; lastKnownFileType = text.xcconfig; name = "Pods-KDS_PhoneUITests.release.xcconfig"; path = "Pods/Target Support Files/Pods-KDS_PhoneUITests/Pods-KDS_PhoneUITests.release.xcconfig"; sourceTree = "<group>"; };
		B20298B22136EB22000CE57B /* JT_KLinePositionModel.h */ = {isa = PBXFileReference; lastKnownFileType = sourcecode.c.h; path = JT_KLinePositionModel.h; sourceTree = "<group>"; };
		B20298B32136EB22000CE57B /* JT_KLinePositionModel.m */ = {isa = PBXFileReference; lastKnownFileType = sourcecode.c.objc; path = JT_KLinePositionModel.m; sourceTree = "<group>"; };
		B220F974213E138D00DC40DA /* JT_DrawMALine.h */ = {isa = PBXFileReference; lastKnownFileType = sourcecode.c.h; path = JT_DrawMALine.h; sourceTree = "<group>"; };
		B220F975213E138D00DC40DA /* JT_DrawMALine.m */ = {isa = PBXFileReference; lastKnownFileType = sourcecode.c.objc; path = JT_DrawMALine.m; sourceTree = "<group>"; };
		B220F977213E5FF700DC40DA /* JT_KLineFQSegment.h */ = {isa = PBXFileReference; lastKnownFileType = sourcecode.c.h; path = JT_KLineFQSegment.h; sourceTree = "<group>"; };
		B220F978213E5FF700DC40DA /* JT_KLineFQSegment.m */ = {isa = PBXFileReference; lastKnownFileType = sourcecode.c.objc; path = JT_KLineFQSegment.m; sourceTree = "<group>"; };
		B220F97A213E603400DC40DA /* JT_KLineIndicatorSegment.h */ = {isa = PBXFileReference; lastKnownFileType = sourcecode.c.h; path = JT_KLineIndicatorSegment.h; sourceTree = "<group>"; };
		B220F97B213E603400DC40DA /* JT_KLineIndicatorSegment.m */ = {isa = PBXFileReference; lastKnownFileType = sourcecode.c.objc; path = JT_KLineIndicatorSegment.m; sourceTree = "<group>"; };
		B220F97D213E74E800DC40DA /* JT_KLineEnum.h */ = {isa = PBXFileReference; lastKnownFileType = sourcecode.c.h; path = JT_KLineEnum.h; sourceTree = "<group>"; };
		B23E68392137C25D00E9EF3B /* JT_DrawCandleLine.h */ = {isa = PBXFileReference; lastKnownFileType = sourcecode.c.h; path = JT_DrawCandleLine.h; sourceTree = "<group>"; };
		B23E683A2137C25D00E9EF3B /* JT_DrawCandleLine.m */ = {isa = PBXFileReference; lastKnownFileType = sourcecode.c.objc; path = JT_DrawCandleLine.m; sourceTree = "<group>"; };
		B23E683C2137C71D00E9EF3B /* JT_KLineConfig.h */ = {isa = PBXFileReference; lastKnownFileType = sourcecode.c.h; path = JT_KLineConfig.h; sourceTree = "<group>"; };
		B23E683D2137C71D00E9EF3B /* JT_KLineConfig.m */ = {isa = PBXFileReference; lastKnownFileType = sourcecode.c.objc; path = JT_KLineConfig.m; sourceTree = "<group>"; };
		B2676E09213672B3002F47A0 /* JT_KLineView.h */ = {isa = PBXFileReference; lastKnownFileType = sourcecode.c.h; path = JT_KLineView.h; sourceTree = "<group>"; };
		B2676E0A213672B3002F47A0 /* JT_KLineView.m */ = {isa = PBXFileReference; lastKnownFileType = sourcecode.c.objc; path = JT_KLineView.m; sourceTree = "<group>"; };
		B2676E0C2136797D002F47A0 /* JT_KLineChartView.h */ = {isa = PBXFileReference; lastKnownFileType = sourcecode.c.h; path = JT_KLineChartView.h; sourceTree = "<group>"; };
		B2676E0D2136797D002F47A0 /* JT_KLineChartView.m */ = {isa = PBXFileReference; lastKnownFileType = sourcecode.c.objc; path = JT_KLineChartView.m; sourceTree = "<group>"; };
		B2676E0F21367C8E002F47A0 /* JT_KLineMAAccessoryView.h */ = {isa = PBXFileReference; lastKnownFileType = sourcecode.c.h; path = JT_KLineMAAccessoryView.h; sourceTree = "<group>"; };
		B2676E1021367C8E002F47A0 /* JT_KLineMAAccessoryView.m */ = {isa = PBXFileReference; lastKnownFileType = sourcecode.c.objc; path = JT_KLineMAAccessoryView.m; sourceTree = "<group>"; };
		B2676E12213680C0002F47A0 /* JT_KLineVolumeView.h */ = {isa = PBXFileReference; lastKnownFileType = sourcecode.c.h; path = JT_KLineVolumeView.h; sourceTree = "<group>"; };
		B2676E13213680C0002F47A0 /* JT_KLineVolumeView.m */ = {isa = PBXFileReference; lastKnownFileType = sourcecode.c.objc; path = JT_KLineVolumeView.m; sourceTree = "<group>"; };
		B2676E1521369CE9002F47A0 /* UIView+KDS_FrameHelper.h */ = {isa = PBXFileReference; fileEncoding = 4; lastKnownFileType = sourcecode.c.h; path = "UIView+KDS_FrameHelper.h"; sourceTree = "<group>"; };
		B2676E1621369CE9002F47A0 /* UIView+KDS_FrameHelper.m */ = {isa = PBXFileReference; fileEncoding = 4; lastKnownFileType = sourcecode.c.objc; path = "UIView+KDS_FrameHelper.m"; sourceTree = "<group>"; };
		B27F7DC1213EAB4B00FE71FF /* JT_KLineIndicatorAccessoryView.h */ = {isa = PBXFileReference; lastKnownFileType = sourcecode.c.h; path = JT_KLineIndicatorAccessoryView.h; sourceTree = "<group>"; };
		B27F7DC2213EAB4B00FE71FF /* JT_KLineIndicatorAccessoryView.m */ = {isa = PBXFileReference; lastKnownFileType = sourcecode.c.objc; path = JT_KLineIndicatorAccessoryView.m; sourceTree = "<group>"; };
		B293712A213D096800DE6974 /* JT_KLineModel.h */ = {isa = PBXFileReference; lastKnownFileType = sourcecode.c.h; path = JT_KLineModel.h; sourceTree = "<group>"; };
		B293712B213D096800DE6974 /* JT_KLineModel.m */ = {isa = PBXFileReference; lastKnownFileType = sourcecode.c.objc; path = JT_KLineModel.m; sourceTree = "<group>"; };
		B293712D213D0C7C00DE6974 /* JT_KLineGlobalVar.h */ = {isa = PBXFileReference; lastKnownFileType = sourcecode.c.h; path = JT_KLineGlobalVar.h; sourceTree = "<group>"; };
		B293712E213D0C7C00DE6974 /* JT_KLineGlobalVar.m */ = {isa = PBXFileReference; lastKnownFileType = sourcecode.c.objc; path = JT_KLineGlobalVar.m; sourceTree = "<group>"; };
		B2937130213D1F3400DE6974 /* TabOneViewController.h */ = {isa = PBXFileReference; lastKnownFileType = sourcecode.c.h; path = TabOneViewController.h; sourceTree = "<group>"; };
		B2937131213D1F3400DE6974 /* TabOneViewController.m */ = {isa = PBXFileReference; lastKnownFileType = sourcecode.c.objc; path = TabOneViewController.m; sourceTree = "<group>"; };
		B2ACB907213384A200CA2EB6 /* KDS_Phone.app */ = {isa = PBXFileReference; explicitFileType = wrapper.application; includeInIndex = 0; path = KDS_Phone.app; sourceTree = BUILT_PRODUCTS_DIR; };
		B2ACB90A213384A200CA2EB6 /* AppDelegate.h */ = {isa = PBXFileReference; lastKnownFileType = sourcecode.c.h; path = AppDelegate.h; sourceTree = "<group>"; };
		B2ACB90B213384A200CA2EB6 /* AppDelegate.m */ = {isa = PBXFileReference; lastKnownFileType = sourcecode.c.objc; path = AppDelegate.m; sourceTree = "<group>"; };
		B2ACB90D213384A200CA2EB6 /* ViewController.h */ = {isa = PBXFileReference; lastKnownFileType = sourcecode.c.h; path = ViewController.h; sourceTree = "<group>"; };
		B2ACB90E213384A200CA2EB6 /* ViewController.m */ = {isa = PBXFileReference; lastKnownFileType = sourcecode.c.objc; path = ViewController.m; sourceTree = "<group>"; };
		B2ACB911213384A200CA2EB6 /* Base */ = {isa = PBXFileReference; lastKnownFileType = file.storyboard; name = Base; path = Base.lproj/Main.storyboard; sourceTree = "<group>"; };
		B2ACB913213384A400CA2EB6 /* Assets.xcassets */ = {isa = PBXFileReference; lastKnownFileType = folder.assetcatalog; path = Assets.xcassets; sourceTree = "<group>"; };
		B2ACB916213384A400CA2EB6 /* Base */ = {isa = PBXFileReference; lastKnownFileType = file.storyboard; name = Base; path = Base.lproj/LaunchScreen.storyboard; sourceTree = "<group>"; };
		B2ACB918213384A400CA2EB6 /* Info.plist */ = {isa = PBXFileReference; lastKnownFileType = text.plist.xml; path = Info.plist; sourceTree = "<group>"; };
		B2ACB919213384A400CA2EB6 /* main.m */ = {isa = PBXFileReference; lastKnownFileType = sourcecode.c.objc; path = main.m; sourceTree = "<group>"; };
		B2ACB91F213384A400CA2EB6 /* KDS_PhoneTests.xctest */ = {isa = PBXFileReference; explicitFileType = wrapper.cfbundle; includeInIndex = 0; path = KDS_PhoneTests.xctest; sourceTree = BUILT_PRODUCTS_DIR; };
		B2ACB923213384A400CA2EB6 /* KDS_PhoneTests.m */ = {isa = PBXFileReference; lastKnownFileType = sourcecode.c.objc; path = KDS_PhoneTests.m; sourceTree = "<group>"; };
		B2ACB925213384A400CA2EB6 /* Info.plist */ = {isa = PBXFileReference; lastKnownFileType = text.plist.xml; path = Info.plist; sourceTree = "<group>"; };
		B2ACB92A213384A400CA2EB6 /* KDS_PhoneUITests.xctest */ = {isa = PBXFileReference; explicitFileType = wrapper.cfbundle; includeInIndex = 0; path = KDS_PhoneUITests.xctest; sourceTree = BUILT_PRODUCTS_DIR; };
		B2ACB92E213384A400CA2EB6 /* KDS_PhoneUITests.m */ = {isa = PBXFileReference; lastKnownFileType = sourcecode.c.objc; path = KDS_PhoneUITests.m; sourceTree = "<group>"; };
		B2ACB930213384A400CA2EB6 /* Info.plist */ = {isa = PBXFileReference; lastKnownFileType = text.plist.xml; path = Info.plist; sourceTree = "<group>"; };
		B2ACB93C213384E500CA2EB6 /* DetailViewController.m */ = {isa = PBXFileReference; fileEncoding = 4; lastKnownFileType = sourcecode.c.objc; path = DetailViewController.m; sourceTree = "<group>"; };
		B2ACB93D213384E500CA2EB6 /* DetailViewController.h */ = {isa = PBXFileReference; fileEncoding = 4; lastKnownFileType = sourcecode.c.h; path = DetailViewController.h; sourceTree = "<group>"; };
		B2ACB93E213384E500CA2EB6 /* DetailViewController.xib */ = {isa = PBXFileReference; fileEncoding = 4; lastKnownFileType = file.xib; path = DetailViewController.xib; sourceTree = "<group>"; };
		B2ACB9422133873C00CA2EB6 /* json.html */ = {isa = PBXFileReference; fileEncoding = 4; lastKnownFileType = text.html; path = json.html; sourceTree = "<group>"; };
		B2ACB9432133873C00CA2EB6 /* json.js */ = {isa = PBXFileReference; fileEncoding = 4; lastKnownFileType = sourcecode.javascript; path = json.js; sourceTree = "<group>"; };
		B2ACB94821338A7200CA2EB6 /* JT_TimelineAndKlineSegment.m */ = {isa = PBXFileReference; lastKnownFileType = sourcecode.c.objc; path = JT_TimelineAndKlineSegment.m; sourceTree = "<group>"; };
		B2ACB94A21338AA400CA2EB6 /* JT_ColorManager.h */ = {isa = PBXFileReference; fileEncoding = 4; lastKnownFileType = sourcecode.c.h; path = JT_ColorManager.h; sourceTree = "<group>"; };
		B2ACB94B21338AA400CA2EB6 /* JT_ColorManager.m */ = {isa = PBXFileReference; fileEncoding = 4; lastKnownFileType = sourcecode.c.objc; path = JT_ColorManager.m; sourceTree = "<group>"; };
		B2ACB9512133A27A00CA2EB6 /* KDS_UtilsMacro.h */ = {isa = PBXFileReference; lastKnownFileType = sourcecode.c.h; path = KDS_UtilsMacro.h; sourceTree = "<group>"; };
		B2ACB9522133C5F000CA2EB6 /* FirstViewController.h */ = {isa = PBXFileReference; lastKnownFileType = sourcecode.c.h; path = FirstViewController.h; sourceTree = "<group>"; };
		B2ACB9532133C5F000CA2EB6 /* FirstViewController.m */ = {isa = PBXFileReference; lastKnownFileType = sourcecode.c.objc; path = FirstViewController.m; sourceTree = "<group>"; };
		B2ACB9552133CC5900CA2EB6 /* UIFont+KDS_FontHandle.m */ = {isa = PBXFileReference; fileEncoding = 4; lastKnownFileType = sourcecode.c.objc; path = "UIFont+KDS_FontHandle.m"; sourceTree = "<group>"; };
		B2ACB9562133CC5A00CA2EB6 /* UIFont+KDS_FontHandle.h */ = {isa = PBXFileReference; fileEncoding = 4; lastKnownFileType = sourcecode.c.h; path = "UIFont+KDS_FontHandle.h"; sourceTree = "<group>"; };
		B2ACB9582133DD9800CA2EB6 /* JT_TimelineAndKlineSegment.h */ = {isa = PBXFileReference; fileEncoding = 4; lastKnownFileType = sourcecode.c.h; path = JT_TimelineAndKlineSegment.h; sourceTree = "<group>"; };
		B2BEDF472138DF0500974491 /* JT_KLineTimeView.h */ = {isa = PBXFileReference; lastKnownFileType = sourcecode.c.h; path = JT_KLineTimeView.h; sourceTree = "<group>"; };
		B2BEDF482138DF0500974491 /* JT_KLineTimeView.m */ = {isa = PBXFileReference; lastKnownFileType = sourcecode.c.objc; path = JT_KLineTimeView.m; sourceTree = "<group>"; };
		B2BEDF4A2139162700974491 /* NSDate+KDS_Manage.m */ = {isa = PBXFileReference; fileEncoding = 4; lastKnownFileType = sourcecode.c.objc; path = "NSDate+KDS_Manage.m"; sourceTree = "<group>"; };
		B2BEDF4B2139162700974491 /* NSDate+KDS_Manage.h */ = {isa = PBXFileReference; fileEncoding = 4; lastKnownFileType = sourcecode.c.h; path = "NSDate+KDS_Manage.h"; sourceTree = "<group>"; };
		BF231DA9237BE2B9C60F32EF /* Pods-KDS_Phone.debug.xcconfig */ = {isa = PBXFileReference; includeInIndex = 1; lastKnownFileType = text.xcconfig; name = "Pods-KDS_Phone.debug.xcconfig"; path = "Pods/Target Support Files/Pods-KDS_Phone/Pods-KDS_Phone.debug.xcconfig"; sourceTree = "<group>"; };
/* End PBXFileReference section */

/* Begin PBXFrameworksBuildPhase section */
		B2ACB904213384A200CA2EB6 /* Frameworks */ = {
			isa = PBXFrameworksBuildPhase;
			buildActionMask = 2147483647;
			files = (
				FC211CBFDEC7482D80CB5A66 /* libPods-KDS_Phone.a in Frameworks */,
			);
			runOnlyForDeploymentPostprocessing = 0;
		};
		B2ACB91C213384A400CA2EB6 /* Frameworks */ = {
			isa = PBXFrameworksBuildPhase;
			buildActionMask = 2147483647;
			files = (
				6642FF8F632CD8A7B4E1DA84 /* libPods-KDS_PhoneTests.a in Frameworks */,
			);
			runOnlyForDeploymentPostprocessing = 0;
		};
		B2ACB927213384A400CA2EB6 /* Frameworks */ = {
			isa = PBXFrameworksBuildPhase;
			buildActionMask = 2147483647;
			files = (
				48D807B17EB589F164F783C4 /* libPods-KDS_PhoneUITests.a in Frameworks */,
			);
			runOnlyForDeploymentPostprocessing = 0;
		};
/* End PBXFrameworksBuildPhase section */

/* Begin PBXGroup section */
		037A22589337AB02B5B624F4 /* Pods */ = {
			isa = PBXGroup;
			children = (
				BF231DA9237BE2B9C60F32EF /* Pods-KDS_Phone.debug.xcconfig */,
				925EB85AA1384D20216747A3 /* Pods-KDS_Phone.release.xcconfig */,
				35D7924EAD7847713903E56E /* Pods-KDS_PhoneTests.debug.xcconfig */,
				953A78C4E23AEDF95F40766E /* Pods-KDS_PhoneTests.release.xcconfig */,
				2ADB8B1A431EF43686D136FB /* Pods-KDS_PhoneUITests.debug.xcconfig */,
				95A6AEA560BAAEEABBADAF6F /* Pods-KDS_PhoneUITests.release.xcconfig */,
			);
			name = Pods;
			sourceTree = "<group>";
		};
		09D4449215F6A83540E4A25C /* Frameworks */ = {
			isa = PBXGroup;
			children = (
				0459D4619A8B309F2A92774C /* libPods-KDS_Phone.a */,
				3A2BD20D5AC0E0F6493593B6 /* libPods-KDS_PhoneTests.a */,
				2DDD3715529AC3ACB755ABEF /* libPods-KDS_PhoneUITests.a */,
			);
			name = Frameworks;
			sourceTree = "<group>";
		};
		B2ACB8FE213384A200CA2EB6 = {
			isa = PBXGroup;
			children = (
				B2ACB909213384A200CA2EB6 /* KDS_Phone */,
				B2ACB922213384A400CA2EB6 /* KDS_PhoneTests */,
				B2ACB92D213384A400CA2EB6 /* KDS_PhoneUITests */,
				B2ACB908213384A200CA2EB6 /* Products */,
				037A22589337AB02B5B624F4 /* Pods */,
				09D4449215F6A83540E4A25C /* Frameworks */,
			);
			sourceTree = "<group>";
		};
		B2ACB908213384A200CA2EB6 /* Products */ = {
			isa = PBXGroup;
			children = (
				B2ACB907213384A200CA2EB6 /* KDS_Phone.app */,
				B2ACB91F213384A400CA2EB6 /* KDS_PhoneTests.xctest */,
				B2ACB92A213384A400CA2EB6 /* KDS_PhoneUITests.xctest */,
			);
			name = Products;
			sourceTree = "<group>";
		};
		B2ACB909213384A200CA2EB6 /* KDS_Phone */ = {
			isa = PBXGroup;
			children = (
				B2ACB94621338A3B00CA2EB6 /* Views */,
				B2ACB9412133873C00CA2EB6 /* HTML */,
				B2ACB90A213384A200CA2EB6 /* AppDelegate.h */,
				B2ACB90B213384A200CA2EB6 /* AppDelegate.m */,
				B2937130213D1F3400DE6974 /* TabOneViewController.h */,
				B2937131213D1F3400DE6974 /* TabOneViewController.m */,
				B2ACB9522133C5F000CA2EB6 /* FirstViewController.h */,
				B2ACB9532133C5F000CA2EB6 /* FirstViewController.m */,
				B2ACB90D213384A200CA2EB6 /* ViewController.h */,
				B2ACB90E213384A200CA2EB6 /* ViewController.m */,
				B2ACB93D213384E500CA2EB6 /* DetailViewController.h */,
				B2ACB93C213384E500CA2EB6 /* DetailViewController.m */,
				B2ACB93E213384E500CA2EB6 /* DetailViewController.xib */,
				B2ACB910213384A200CA2EB6 /* Main.storyboard */,
				B2ACB913213384A400CA2EB6 /* Assets.xcassets */,
				B2ACB915213384A400CA2EB6 /* LaunchScreen.storyboard */,
				B2ACB918213384A400CA2EB6 /* Info.plist */,
				B2ACB919213384A400CA2EB6 /* main.m */,
			);
			path = KDS_Phone;
			sourceTree = "<group>";
		};
		B2ACB922213384A400CA2EB6 /* KDS_PhoneTests */ = {
			isa = PBXGroup;
			children = (
				B2ACB923213384A400CA2EB6 /* KDS_PhoneTests.m */,
				B2ACB925213384A400CA2EB6 /* Info.plist */,
			);
			path = KDS_PhoneTests;
			sourceTree = "<group>";
		};
		B2ACB92D213384A400CA2EB6 /* KDS_PhoneUITests */ = {
			isa = PBXGroup;
			children = (
				B2ACB92E213384A400CA2EB6 /* KDS_PhoneUITests.m */,
				B2ACB930213384A400CA2EB6 /* Info.plist */,
			);
			path = KDS_PhoneUITests;
			sourceTree = "<group>";
		};
		B2ACB9412133873C00CA2EB6 /* HTML */ = {
			isa = PBXGroup;
			children = (
				B2BEDF4B2139162700974491 /* NSDate+KDS_Manage.h */,
				B2BEDF4A2139162700974491 /* NSDate+KDS_Manage.m */,
				B2ACB9562133CC5A00CA2EB6 /* UIFont+KDS_FontHandle.h */,
				B2676E1521369CE9002F47A0 /* UIView+KDS_FrameHelper.h */,
				B2676E1621369CE9002F47A0 /* UIView+KDS_FrameHelper.m */,
				B2ACB9552133CC5900CA2EB6 /* UIFont+KDS_FontHandle.m */,
				B2ACB9422133873C00CA2EB6 /* json.html */,
				B2ACB9432133873C00CA2EB6 /* json.js */,
			);
			path = HTML;
			sourceTree = "<group>";
		};
		B2ACB94621338A3B00CA2EB6 /* Views */ = {
			isa = PBXGroup;
			children = (
				B293712D213D0C7C00DE6974 /* JT_KLineGlobalVar.h */,
				B293712E213D0C7C00DE6974 /* JT_KLineGlobalVar.m */,
				B2ACB94A21338AA400CA2EB6 /* JT_ColorManager.h */,
				B2ACB94B21338AA400CA2EB6 /* JT_ColorManager.m */,
				B2ACB9582133DD9800CA2EB6 /* JT_TimelineAndKlineSegment.h */,
				B2ACB94821338A7200CA2EB6 /* JT_TimelineAndKlineSegment.m */,
				B2ACB9512133A27A00CA2EB6 /* KDS_UtilsMacro.h */,
				B220F97D213E74E800DC40DA /* JT_KLineEnum.h */,
				B23E683C2137C71D00E9EF3B /* JT_KLineConfig.h */,
				B23E683D2137C71D00E9EF3B /* JT_KLineConfig.m */,
				B23E68392137C25D00E9EF3B /* JT_DrawCandleLine.h */,
				B23E683A2137C25D00E9EF3B /* JT_DrawCandleLine.m */,
				B220F974213E138D00DC40DA /* JT_DrawMALine.h */,
				B220F975213E138D00DC40DA /* JT_DrawMALine.m */,
				B2BEDF472138DF0500974491 /* JT_KLineTimeView.h */,
				B2BEDF482138DF0500974491 /* JT_KLineTimeView.m */,
				B220F977213E5FF700DC40DA /* JT_KLineFQSegment.h */,
				B220F978213E5FF700DC40DA /* JT_KLineFQSegment.m */,
				B220F97A213E603400DC40DA /* JT_KLineIndicatorSegment.h */,
				B220F97B213E603400DC40DA /* JT_KLineIndicatorSegment.m */,
				B2676E09213672B3002F47A0 /* JT_KLineView.h */,
				B2676E0A213672B3002F47A0 /* JT_KLineView.m */,
				B293712A213D096800DE6974 /* JT_KLineModel.h */,
				B293712B213D096800DE6974 /* JT_KLineModel.m */,
				B2676E0C2136797D002F47A0 /* JT_KLineChartView.h */,
				B2676E0D2136797D002F47A0 /* JT_KLineChartView.m */,
				B2676E0F21367C8E002F47A0 /* JT_KLineMAAccessoryView.h */,
				B2676E1021367C8E002F47A0 /* JT_KLineMAAccessoryView.m */,
				B2676E12213680C0002F47A0 /* JT_KLineVolumeView.h */,
				B2676E13213680C0002F47A0 /* JT_KLineVolumeView.m */,
				B27F7DC1213EAB4B00FE71FF /* JT_KLineIndicatorAccessoryView.h */,
				B27F7DC2213EAB4B00FE71FF /* JT_KLineIndicatorAccessoryView.m */,
				B20298B22136EB22000CE57B /* JT_KLinePositionModel.h */,
				B20298B32136EB22000CE57B /* JT_KLinePositionModel.m */,
			);
			path = Views;
			sourceTree = "<group>";
		};
/* End PBXGroup section */

/* Begin PBXNativeTarget section */
		B2ACB906213384A200CA2EB6 /* KDS_Phone */ = {
			isa = PBXNativeTarget;
			buildConfigurationList = B2ACB933213384A400CA2EB6 /* Build configuration list for PBXNativeTarget "KDS_Phone" */;
			buildPhases = (
				951D50187EE537C39C496D94 /* [CP] Check Pods Manifest.lock */,
				B2ACB903213384A200CA2EB6 /* Sources */,
				B2ACB904213384A200CA2EB6 /* Frameworks */,
				B2ACB905213384A200CA2EB6 /* Resources */,
			);
			buildRules = (
			);
			dependencies = (
			);
			name = KDS_Phone;
			productName = KDS_Phone;
			productReference = B2ACB907213384A200CA2EB6 /* KDS_Phone.app */;
			productType = "com.apple.product-type.application";
		};
		B2ACB91E213384A400CA2EB6 /* KDS_PhoneTests */ = {
			isa = PBXNativeTarget;
			buildConfigurationList = B2ACB936213384A400CA2EB6 /* Build configuration list for PBXNativeTarget "KDS_PhoneTests" */;
			buildPhases = (
				2A14231F2B151A985C42E353 /* [CP] Check Pods Manifest.lock */,
				B2ACB91B213384A400CA2EB6 /* Sources */,
				B2ACB91C213384A400CA2EB6 /* Frameworks */,
				B2ACB91D213384A400CA2EB6 /* Resources */,
			);
			buildRules = (
			);
			dependencies = (
				B2ACB921213384A400CA2EB6 /* PBXTargetDependency */,
			);
			name = KDS_PhoneTests;
			productName = KDS_PhoneTests;
			productReference = B2ACB91F213384A400CA2EB6 /* KDS_PhoneTests.xctest */;
			productType = "com.apple.product-type.bundle.unit-test";
		};
		B2ACB929213384A400CA2EB6 /* KDS_PhoneUITests */ = {
			isa = PBXNativeTarget;
			buildConfigurationList = B2ACB939213384A400CA2EB6 /* Build configuration list for PBXNativeTarget "KDS_PhoneUITests" */;
			buildPhases = (
				F3DE0EB889315637FB25BC66 /* [CP] Check Pods Manifest.lock */,
				B2ACB926213384A400CA2EB6 /* Sources */,
				B2ACB927213384A400CA2EB6 /* Frameworks */,
				B2ACB928213384A400CA2EB6 /* Resources */,
			);
			buildRules = (
			);
			dependencies = (
				B2ACB92C213384A400CA2EB6 /* PBXTargetDependency */,
			);
			name = KDS_PhoneUITests;
			productName = KDS_PhoneUITests;
			productReference = B2ACB92A213384A400CA2EB6 /* KDS_PhoneUITests.xctest */;
			productType = "com.apple.product-type.bundle.ui-testing";
		};
/* End PBXNativeTarget section */

/* Begin PBXProject section */
		B2ACB8FF213384A200CA2EB6 /* Project object */ = {
			isa = PBXProject;
			attributes = {
				LastUpgradeCheck = 0940;
				ORGANIZATIONNAME = com.csc;
				TargetAttributes = {
					B2ACB906213384A200CA2EB6 = {
						CreatedOnToolsVersion = 9.4.1;
					};
					B2ACB91E213384A400CA2EB6 = {
						CreatedOnToolsVersion = 9.4.1;
						TestTargetID = B2ACB906213384A200CA2EB6;
					};
					B2ACB929213384A400CA2EB6 = {
						CreatedOnToolsVersion = 9.4.1;
						TestTargetID = B2ACB906213384A200CA2EB6;
					};
				};
			};
			buildConfigurationList = B2ACB902213384A200CA2EB6 /* Build configuration list for PBXProject "KDS_Phone" */;
			compatibilityVersion = "Xcode 9.3";
			developmentRegion = en;
			hasScannedForEncodings = 0;
			knownRegions = (
				en,
				Base,
			);
			mainGroup = B2ACB8FE213384A200CA2EB6;
			productRefGroup = B2ACB908213384A200CA2EB6 /* Products */;
			projectDirPath = "";
			projectRoot = "";
			targets = (
				B2ACB906213384A200CA2EB6 /* KDS_Phone */,
				B2ACB91E213384A400CA2EB6 /* KDS_PhoneTests */,
				B2ACB929213384A400CA2EB6 /* KDS_PhoneUITests */,
			);
		};
/* End PBXProject section */

/* Begin PBXResourcesBuildPhase section */
		B2ACB905213384A200CA2EB6 /* Resources */ = {
			isa = PBXResourcesBuildPhase;
			buildActionMask = 2147483647;
			files = (
				B2ACB9452133873C00CA2EB6 /* json.js in Resources */,
				B2ACB9442133873C00CA2EB6 /* json.html in Resources */,
				B2ACB917213384A400CA2EB6 /* LaunchScreen.storyboard in Resources */,
				B2ACB914213384A400CA2EB6 /* Assets.xcassets in Resources */,
				B2ACB912213384A200CA2EB6 /* Main.storyboard in Resources */,
				B2ACB940213384E500CA2EB6 /* DetailViewController.xib in Resources */,
			);
			runOnlyForDeploymentPostprocessing = 0;
		};
		B2ACB91D213384A400CA2EB6 /* Resources */ = {
			isa = PBXResourcesBuildPhase;
			buildActionMask = 2147483647;
			files = (
			);
			runOnlyForDeploymentPostprocessing = 0;
		};
		B2ACB928213384A400CA2EB6 /* Resources */ = {
			isa = PBXResourcesBuildPhase;
			buildActionMask = 2147483647;
			files = (
			);
			runOnlyForDeploymentPostprocessing = 0;
		};
/* End PBXResourcesBuildPhase section */

/* Begin PBXShellScriptBuildPhase section */
		2A14231F2B151A985C42E353 /* [CP] Check Pods Manifest.lock */ = {
			isa = PBXShellScriptBuildPhase;
			buildActionMask = 2147483647;
			files = (
			);
			inputPaths = (
				"${PODS_PODFILE_DIR_PATH}/Podfile.lock",
				"${PODS_ROOT}/Manifest.lock",
			);
			name = "[CP] Check Pods Manifest.lock";
			outputPaths = (
				"$(DERIVED_FILE_DIR)/Pods-KDS_PhoneTests-checkManifestLockResult.txt",
			);
			runOnlyForDeploymentPostprocessing = 0;
			shellPath = /bin/sh;
			shellScript = "diff \"${PODS_PODFILE_DIR_PATH}/Podfile.lock\" \"${PODS_ROOT}/Manifest.lock\" > /dev/null\nif [ $? != 0 ] ; then\n    # print error to STDERR\n    echo \"error: The sandbox is not in sync with the Podfile.lock. Run 'pod install' or update your CocoaPods installation.\" >&2\n    exit 1\nfi\n# This output is used by Xcode 'outputs' to avoid re-running this script phase.\necho \"SUCCESS\" > \"${SCRIPT_OUTPUT_FILE_0}\"\n";
			showEnvVarsInLog = 0;
		};
		951D50187EE537C39C496D94 /* [CP] Check Pods Manifest.lock */ = {
			isa = PBXShellScriptBuildPhase;
			buildActionMask = 2147483647;
			files = (
			);
			inputPaths = (
				"${PODS_PODFILE_DIR_PATH}/Podfile.lock",
				"${PODS_ROOT}/Manifest.lock",
			);
			name = "[CP] Check Pods Manifest.lock";
			outputPaths = (
				"$(DERIVED_FILE_DIR)/Pods-KDS_Phone-checkManifestLockResult.txt",
			);
			runOnlyForDeploymentPostprocessing = 0;
			shellPath = /bin/sh;
			shellScript = "diff \"${PODS_PODFILE_DIR_PATH}/Podfile.lock\" \"${PODS_ROOT}/Manifest.lock\" > /dev/null\nif [ $? != 0 ] ; then\n    # print error to STDERR\n    echo \"error: The sandbox is not in sync with the Podfile.lock. Run 'pod install' or update your CocoaPods installation.\" >&2\n    exit 1\nfi\n# This output is used by Xcode 'outputs' to avoid re-running this script phase.\necho \"SUCCESS\" > \"${SCRIPT_OUTPUT_FILE_0}\"\n";
			showEnvVarsInLog = 0;
		};
		F3DE0EB889315637FB25BC66 /* [CP] Check Pods Manifest.lock */ = {
			isa = PBXShellScriptBuildPhase;
			buildActionMask = 2147483647;
			files = (
			);
			inputPaths = (
				"${PODS_PODFILE_DIR_PATH}/Podfile.lock",
				"${PODS_ROOT}/Manifest.lock",
			);
			name = "[CP] Check Pods Manifest.lock";
			outputPaths = (
				"$(DERIVED_FILE_DIR)/Pods-KDS_PhoneUITests-checkManifestLockResult.txt",
			);
			runOnlyForDeploymentPostprocessing = 0;
			shellPath = /bin/sh;
			shellScript = "diff \"${PODS_PODFILE_DIR_PATH}/Podfile.lock\" \"${PODS_ROOT}/Manifest.lock\" > /dev/null\nif [ $? != 0 ] ; then\n    # print error to STDERR\n    echo \"error: The sandbox is not in sync with the Podfile.lock. Run 'pod install' or update your CocoaPods installation.\" >&2\n    exit 1\nfi\n# This output is used by Xcode 'outputs' to avoid re-running this script phase.\necho \"SUCCESS\" > \"${SCRIPT_OUTPUT_FILE_0}\"\n";
			showEnvVarsInLog = 0;
		};
/* End PBXShellScriptBuildPhase section */

/* Begin PBXSourcesBuildPhase section */
		B2ACB903213384A200CA2EB6 /* Sources */ = {
			isa = PBXSourcesBuildPhase;
			buildActionMask = 2147483647;
			files = (
				B220F979213E5FF700DC40DA /* JT_KLineFQSegment.m in Sources */,
				B2676E0B213672B3002F47A0 /* JT_KLineView.m in Sources */,
				B23E683E2137C71D00E9EF3B /* JT_KLineConfig.m in Sources */,
				B2ACB94921338A7200CA2EB6 /* JT_TimelineAndKlineSegment.m in Sources */,
				B2ACB94C21338AA400CA2EB6 /* JT_ColorManager.m in Sources */,
				B220F97C213E603400DC40DA /* JT_KLineIndicatorSegment.m in Sources */,
				B293712F213D0C7C00DE6974 /* JT_KLineGlobalVar.m in Sources */,
				B2BEDF4C2139162700974491 /* NSDate+KDS_Manage.m in Sources */,
				B2BEDF492138DF0500974491 /* JT_KLineTimeView.m in Sources */,
				B2ACB9542133C5F000CA2EB6 /* FirstViewController.m in Sources */,
				B20298B42136EB22000CE57B /* JT_KLinePositionModel.m in Sources */,
				B2ACB90F213384A200CA2EB6 /* ViewController.m in Sources */,
				B2ACB91A213384A400CA2EB6 /* main.m in Sources */,
				B2676E14213680C0002F47A0 /* JT_KLineVolumeView.m in Sources */,
				B2937132213D1F3400DE6974 /* TabOneViewController.m in Sources */,
				B2676E1121367C8E002F47A0 /* JT_KLineMAAccessoryView.m in Sources */,
				B2ACB90C213384A200CA2EB6 /* AppDelegate.m in Sources */,
				B27F7DC3213EAB4B00FE71FF /* JT_KLineIndicatorAccessoryView.m in Sources */,
				B2676E1721369CEA002F47A0 /* UIView+KDS_FrameHelper.m in Sources */,
				B2676E0E2136797D002F47A0 /* JT_KLineChartView.m in Sources */,
				B2ACB9572133CC5A00CA2EB6 /* UIFont+KDS_FontHandle.m in Sources */,
				B2ACB93F213384E500CA2EB6 /* DetailViewController.m in Sources */,
				B220F976213E138D00DC40DA /* JT_DrawMALine.m in Sources */,
				B23E683B2137C25D00E9EF3B /* JT_DrawCandleLine.m in Sources */,
				B293712C213D096800DE6974 /* JT_KLineModel.m in Sources */,
			);
			runOnlyForDeploymentPostprocessing = 0;
		};
		B2ACB91B213384A400CA2EB6 /* Sources */ = {
			isa = PBXSourcesBuildPhase;
			buildActionMask = 2147483647;
			files = (
				B2ACB924213384A400CA2EB6 /* KDS_PhoneTests.m in Sources */,
			);
			runOnlyForDeploymentPostprocessing = 0;
		};
		B2ACB926213384A400CA2EB6 /* Sources */ = {
			isa = PBXSourcesBuildPhase;
			buildActionMask = 2147483647;
			files = (
				B2ACB92F213384A400CA2EB6 /* KDS_PhoneUITests.m in Sources */,
			);
			runOnlyForDeploymentPostprocessing = 0;
		};
/* End PBXSourcesBuildPhase section */

/* Begin PBXTargetDependency section */
		B2ACB921213384A400CA2EB6 /* PBXTargetDependency */ = {
			isa = PBXTargetDependency;
			target = B2ACB906213384A200CA2EB6 /* KDS_Phone */;
			targetProxy = B2ACB920213384A400CA2EB6 /* PBXContainerItemProxy */;
		};
		B2ACB92C213384A400CA2EB6 /* PBXTargetDependency */ = {
			isa = PBXTargetDependency;
			target = B2ACB906213384A200CA2EB6 /* KDS_Phone */;
			targetProxy = B2ACB92B213384A400CA2EB6 /* PBXContainerItemProxy */;
		};
/* End PBXTargetDependency section */

/* Begin PBXVariantGroup section */
		B2ACB910213384A200CA2EB6 /* Main.storyboard */ = {
			isa = PBXVariantGroup;
			children = (
				B2ACB911213384A200CA2EB6 /* Base */,
			);
			name = Main.storyboard;
			sourceTree = "<group>";
		};
		B2ACB915213384A400CA2EB6 /* LaunchScreen.storyboard */ = {
			isa = PBXVariantGroup;
			children = (
				B2ACB916213384A400CA2EB6 /* Base */,
			);
			name = LaunchScreen.storyboard;
			sourceTree = "<group>";
		};
/* End PBXVariantGroup section */

/* Begin XCBuildConfiguration section */
		B2ACB931213384A400CA2EB6 /* Debug */ = {
			isa = XCBuildConfiguration;
			buildSettings = {
				ALWAYS_SEARCH_USER_PATHS = NO;
				CLANG_ANALYZER_NONNULL = YES;
				CLANG_ANALYZER_NUMBER_OBJECT_CONVERSION = YES_AGGRESSIVE;
				CLANG_CXX_LANGUAGE_STANDARD = "gnu++14";
				CLANG_CXX_LIBRARY = "libc++";
				CLANG_ENABLE_MODULES = YES;
				CLANG_ENABLE_OBJC_ARC = YES;
				CLANG_ENABLE_OBJC_WEAK = YES;
				CLANG_WARN_BLOCK_CAPTURE_AUTORELEASING = YES;
				CLANG_WARN_BOOL_CONVERSION = YES;
				CLANG_WARN_COMMA = YES;
				CLANG_WARN_CONSTANT_CONVERSION = YES;
				CLANG_WARN_DEPRECATED_OBJC_IMPLEMENTATIONS = YES;
				CLANG_WARN_DIRECT_OBJC_ISA_USAGE = YES_ERROR;
				CLANG_WARN_DOCUMENTATION_COMMENTS = YES;
				CLANG_WARN_EMPTY_BODY = YES;
				CLANG_WARN_ENUM_CONVERSION = YES;
				CLANG_WARN_INFINITE_RECURSION = YES;
				CLANG_WARN_INT_CONVERSION = YES;
				CLANG_WARN_NON_LITERAL_NULL_CONVERSION = YES;
				CLANG_WARN_OBJC_IMPLICIT_RETAIN_SELF = YES;
				CLANG_WARN_OBJC_LITERAL_CONVERSION = YES;
				CLANG_WARN_OBJC_ROOT_CLASS = YES_ERROR;
				CLANG_WARN_RANGE_LOOP_ANALYSIS = YES;
				CLANG_WARN_STRICT_PROTOTYPES = YES;
				CLANG_WARN_SUSPICIOUS_MOVE = YES;
				CLANG_WARN_UNGUARDED_AVAILABILITY = YES_AGGRESSIVE;
				CLANG_WARN_UNREACHABLE_CODE = YES;
				CLANG_WARN__DUPLICATE_METHOD_MATCH = YES;
				CODE_SIGN_IDENTITY = "iPhone Developer";
				COPY_PHASE_STRIP = NO;
				DEBUG_INFORMATION_FORMAT = dwarf;
				ENABLE_STRICT_OBJC_MSGSEND = YES;
				ENABLE_TESTABILITY = YES;
				GCC_C_LANGUAGE_STANDARD = gnu11;
				GCC_DYNAMIC_NO_PIC = NO;
				GCC_NO_COMMON_BLOCKS = YES;
				GCC_OPTIMIZATION_LEVEL = 0;
				GCC_PREPROCESSOR_DEFINITIONS = (
					"DEBUG=1",
					"$(inherited)",
				);
				GCC_WARN_64_TO_32_BIT_CONVERSION = YES;
				GCC_WARN_ABOUT_RETURN_TYPE = YES_ERROR;
				GCC_WARN_UNDECLARED_SELECTOR = YES;
				GCC_WARN_UNINITIALIZED_AUTOS = YES_AGGRESSIVE;
				GCC_WARN_UNUSED_FUNCTION = YES;
				GCC_WARN_UNUSED_VARIABLE = YES;
				IPHONEOS_DEPLOYMENT_TARGET = 11.4;
				MTL_ENABLE_DEBUG_INFO = YES;
				ONLY_ACTIVE_ARCH = YES;
				SDKROOT = iphoneos;
			};
			name = Debug;
		};
		B2ACB932213384A400CA2EB6 /* Release */ = {
			isa = XCBuildConfiguration;
			buildSettings = {
				ALWAYS_SEARCH_USER_PATHS = NO;
				CLANG_ANALYZER_NONNULL = YES;
				CLANG_ANALYZER_NUMBER_OBJECT_CONVERSION = YES_AGGRESSIVE;
				CLANG_CXX_LANGUAGE_STANDARD = "gnu++14";
				CLANG_CXX_LIBRARY = "libc++";
				CLANG_ENABLE_MODULES = YES;
				CLANG_ENABLE_OBJC_ARC = YES;
				CLANG_ENABLE_OBJC_WEAK = YES;
				CLANG_WARN_BLOCK_CAPTURE_AUTORELEASING = YES;
				CLANG_WARN_BOOL_CONVERSION = YES;
				CLANG_WARN_COMMA = YES;
				CLANG_WARN_CONSTANT_CONVERSION = YES;
				CLANG_WARN_DEPRECATED_OBJC_IMPLEMENTATIONS = YES;
				CLANG_WARN_DIRECT_OBJC_ISA_USAGE = YES_ERROR;
				CLANG_WARN_DOCUMENTATION_COMMENTS = YES;
				CLANG_WARN_EMPTY_BODY = YES;
				CLANG_WARN_ENUM_CONVERSION = YES;
				CLANG_WARN_INFINITE_RECURSION = YES;
				CLANG_WARN_INT_CONVERSION = YES;
				CLANG_WARN_NON_LITERAL_NULL_CONVERSION = YES;
				CLANG_WARN_OBJC_IMPLICIT_RETAIN_SELF = YES;
				CLANG_WARN_OBJC_LITERAL_CONVERSION = YES;
				CLANG_WARN_OBJC_ROOT_CLASS = YES_ERROR;
				CLANG_WARN_RANGE_LOOP_ANALYSIS = YES;
				CLANG_WARN_STRICT_PROTOTYPES = YES;
				CLANG_WARN_SUSPICIOUS_MOVE = YES;
				CLANG_WARN_UNGUARDED_AVAILABILITY = YES_AGGRESSIVE;
				CLANG_WARN_UNREACHABLE_CODE = YES;
				CLANG_WARN__DUPLICATE_METHOD_MATCH = YES;
				CODE_SIGN_IDENTITY = "iPhone Developer";
				COPY_PHASE_STRIP = NO;
				DEBUG_INFORMATION_FORMAT = "dwarf-with-dsym";
				ENABLE_NS_ASSERTIONS = NO;
				ENABLE_STRICT_OBJC_MSGSEND = YES;
				GCC_C_LANGUAGE_STANDARD = gnu11;
				GCC_NO_COMMON_BLOCKS = YES;
				GCC_WARN_64_TO_32_BIT_CONVERSION = YES;
				GCC_WARN_ABOUT_RETURN_TYPE = YES_ERROR;
				GCC_WARN_UNDECLARED_SELECTOR = YES;
				GCC_WARN_UNINITIALIZED_AUTOS = YES_AGGRESSIVE;
				GCC_WARN_UNUSED_FUNCTION = YES;
				GCC_WARN_UNUSED_VARIABLE = YES;
				IPHONEOS_DEPLOYMENT_TARGET = 11.4;
				MTL_ENABLE_DEBUG_INFO = NO;
				SDKROOT = iphoneos;
				VALIDATE_PRODUCT = YES;
			};
			name = Release;
		};
		B2ACB934213384A400CA2EB6 /* Debug */ = {
			isa = XCBuildConfiguration;
			baseConfigurationReference = BF231DA9237BE2B9C60F32EF /* Pods-KDS_Phone.debug.xcconfig */;
			buildSettings = {
				ASSETCATALOG_COMPILER_APPICON_NAME = AppIcon;
				CODE_SIGN_STYLE = Automatic;
				DEVELOPMENT_TEAM = L63N47SZPH;
				INFOPLIST_FILE = KDS_Phone/Info.plist;
				IPHONEOS_DEPLOYMENT_TARGET = 9.0;
				LD_RUNPATH_SEARCH_PATHS = (
					"$(inherited)",
					"@executable_path/Frameworks",
				);
				PRODUCT_BUNDLE_IDENTIFIER = com.csc.zxjtzq;
				PRODUCT_NAME = "$(TARGET_NAME)";
				TARGETED_DEVICE_FAMILY = 1;
			};
			name = Debug;
		};
		B2ACB935213384A400CA2EB6 /* Release */ = {
			isa = XCBuildConfiguration;
			baseConfigurationReference = 925EB85AA1384D20216747A3 /* Pods-KDS_Phone.release.xcconfig */;
			buildSettings = {
				ASSETCATALOG_COMPILER_APPICON_NAME = AppIcon;
				CODE_SIGN_STYLE = Automatic;
				DEVELOPMENT_TEAM = L63N47SZPH;
				INFOPLIST_FILE = KDS_Phone/Info.plist;
				IPHONEOS_DEPLOYMENT_TARGET = 9.0;
				LD_RUNPATH_SEARCH_PATHS = (
					"$(inherited)",
					"@executable_path/Frameworks",
				);
				PRODUCT_BUNDLE_IDENTIFIER = com.csc.zxjtzq;
				PRODUCT_NAME = "$(TARGET_NAME)";
				TARGETED_DEVICE_FAMILY = 1;
			};
			name = Release;
		};
		B2ACB937213384A400CA2EB6 /* Debug */ = {
			isa = XCBuildConfiguration;
			baseConfigurationReference = 35D7924EAD7847713903E56E /* Pods-KDS_PhoneTests.debug.xcconfig */;
			buildSettings = {
				BUNDLE_LOADER = "$(TEST_HOST)";
				CODE_SIGN_STYLE = Automatic;
				DEVELOPMENT_TEAM = L63N47SZPH;
				INFOPLIST_FILE = KDS_PhoneTests/Info.plist;
				LD_RUNPATH_SEARCH_PATHS = (
					"$(inherited)",
					"@executable_path/Frameworks",
					"@loader_path/Frameworks",
				);
				PRODUCT_BUNDLE_IDENTIFIER = "fun.fangao.app.KDS-PhoneTests";
				PRODUCT_NAME = "$(TARGET_NAME)";
				TARGETED_DEVICE_FAMILY = "1,2";
				TEST_HOST = "$(BUILT_PRODUCTS_DIR)/KDS_Phone.app/KDS_Phone";
			};
			name = Debug;
		};
		B2ACB938213384A400CA2EB6 /* Release */ = {
			isa = XCBuildConfiguration;
			baseConfigurationReference = 953A78C4E23AEDF95F40766E /* Pods-KDS_PhoneTests.release.xcconfig */;
			buildSettings = {
				BUNDLE_LOADER = "$(TEST_HOST)";
				CODE_SIGN_STYLE = Automatic;
				DEVELOPMENT_TEAM = L63N47SZPH;
				INFOPLIST_FILE = KDS_PhoneTests/Info.plist;
				LD_RUNPATH_SEARCH_PATHS = (
					"$(inherited)",
					"@executable_path/Frameworks",
					"@loader_path/Frameworks",
				);
				PRODUCT_BUNDLE_IDENTIFIER = "fun.fangao.app.KDS-PhoneTests";
				PRODUCT_NAME = "$(TARGET_NAME)";
				TARGETED_DEVICE_FAMILY = "1,2";
				TEST_HOST = "$(BUILT_PRODUCTS_DIR)/KDS_Phone.app/KDS_Phone";
			};
			name = Release;
		};
		B2ACB93A213384A400CA2EB6 /* Debug */ = {
			isa = XCBuildConfiguration;
			baseConfigurationReference = 2ADB8B1A431EF43686D136FB /* Pods-KDS_PhoneUITests.debug.xcconfig */;
			buildSettings = {
				CODE_SIGN_STYLE = Automatic;
				DEVELOPMENT_TEAM = L63N47SZPH;
				INFOPLIST_FILE = KDS_PhoneUITests/Info.plist;
				LD_RUNPATH_SEARCH_PATHS = (
					"$(inherited)",
					"@executable_path/Frameworks",
					"@loader_path/Frameworks",
				);
				PRODUCT_BUNDLE_IDENTIFIER = "fun.fangao.app.KDS-PhoneUITests";
				PRODUCT_NAME = "$(TARGET_NAME)";
				TARGETED_DEVICE_FAMILY = "1,2";
				TEST_TARGET_NAME = KDS_Phone;
			};
			name = Debug;
		};
		B2ACB93B213384A400CA2EB6 /* Release */ = {
			isa = XCBuildConfiguration;
			baseConfigurationReference = 95A6AEA560BAAEEABBADAF6F /* Pods-KDS_PhoneUITests.release.xcconfig */;
			buildSettings = {
				CODE_SIGN_STYLE = Automatic;
				DEVELOPMENT_TEAM = L63N47SZPH;
				INFOPLIST_FILE = KDS_PhoneUITests/Info.plist;
				LD_RUNPATH_SEARCH_PATHS = (
					"$(inherited)",
					"@executable_path/Frameworks",
					"@loader_path/Frameworks",
				);
				PRODUCT_BUNDLE_IDENTIFIER = "fun.fangao.app.KDS-PhoneUITests";
				PRODUCT_NAME = "$(TARGET_NAME)";
				TARGETED_DEVICE_FAMILY = "1,2";
				TEST_TARGET_NAME = KDS_Phone;
			};
			name = Release;
		};
/* End XCBuildConfiguration section */

/* Begin XCConfigurationList section */
		B2ACB902213384A200CA2EB6 /* Build configuration list for PBXProject "KDS_Phone" */ = {
			isa = XCConfigurationList;
			buildConfigurations = (
				B2ACB931213384A400CA2EB6 /* Debug */,
				B2ACB932213384A400CA2EB6 /* Release */,
			);
			defaultConfigurationIsVisible = 0;
			defaultConfigurationName = Release;
		};
		B2ACB933213384A400CA2EB6 /* Build configuration list for PBXNativeTarget "KDS_Phone" */ = {
			isa = XCConfigurationList;
			buildConfigurations = (
				B2ACB934213384A400CA2EB6 /* Debug */,
				B2ACB935213384A400CA2EB6 /* Release */,
			);
			defaultConfigurationIsVisible = 0;
			defaultConfigurationName = Release;
		};
		B2ACB936213384A400CA2EB6 /* Build configuration list for PBXNativeTarget "KDS_PhoneTests" */ = {
			isa = XCConfigurationList;
			buildConfigurations = (
				B2ACB937213384A400CA2EB6 /* Debug */,
				B2ACB938213384A400CA2EB6 /* Release */,
			);
			defaultConfigurationIsVisible = 0;
			defaultConfigurationName = Release;
		};
		B2ACB939213384A400CA2EB6 /* Build configuration list for PBXNativeTarget "KDS_PhoneUITests" */ = {
			isa = XCConfigurationList;
			buildConfigurations = (
				B2ACB93A213384A400CA2EB6 /* Debug */,
				B2ACB93B213384A400CA2EB6 /* Release */,
			);
			defaultConfigurationIsVisible = 0;
			defaultConfigurationName = Release;
		};
/* End XCConfigurationList section */
	};
	rootObject = B2ACB8FF213384A200CA2EB6 /* Project object */;
}
